// !$*UTF8*$!
{
	archiveVersion = 1;
	classes = {
	};
	objectVersion = 50;
	objects = {

/* Begin PBXBuildFile section */
		E40021BA21D7BA6C001AB34D /* Repeater.swift in Sources */ = {isa = PBXBuildFile; fileRef = E40021B821D7BA6C001AB34D /* Repeater.swift */; };
		E40021BE21D89DAA001AB34D /* PieChart.swift in Sources */ = {isa = PBXBuildFile; fileRef = E40021BD21D89DAA001AB34D /* PieChart.swift */; };
		E425663921CD671700469232 /* Extensions.swift in Sources */ = {isa = PBXBuildFile; fileRef = E425663821CD671700469232 /* Extensions.swift */; };
		E425663B21CD6F8B00469232 /* TemperatureAlgorithmParameters.swift in Sources */ = {isa = PBXBuildFile; fileRef = E425663A21CD6F8A00469232 /* TemperatureAlgorithmParameters.swift */; };
		E425663D21CD702900469232 /* SensorSerialNumber.swift in Sources */ = {isa = PBXBuildFile; fileRef = E425663C21CD702900469232 /* SensorSerialNumber.swift */; };
		E425664821CE65CA00469232 /* Sqlable.framework in Frameworks */ = {isa = PBXBuildFile; fileRef = E425664521CE65A400469232 /* Sqlable.framework */; };
		E425664921CE65CA00469232 /* Sqlable.framework in Embed Frameworks */ = {isa = PBXBuildFile; fileRef = E425664521CE65A400469232 /* Sqlable.framework */; settings = {ATTRIBUTES = (CodeSignOnCopy, RemoveHeadersOnCopy, ); }; };
		E425664E21CE66A200469232 /* GlucosePoint.swift in Sources */ = {isa = PBXBuildFile; fileRef = E425664D21CE66A200469232 /* GlucosePoint.swift */; };
		E425665021CE6F9A00469232 /* DefaultKey.swift in Sources */ = {isa = PBXBuildFile; fileRef = E425664F21CE6F9A00469232 /* DefaultKey.swift */; };
		E45907E021D550FA00B139CF /* GlucoseGraph.swift in Sources */ = {isa = PBXBuildFile; fileRef = E45907DE21D550FA00B139CF /* GlucoseGraph.swift */; };
		E45907E221D5536400B139CF /* AutoLayoutExtension.swift in Sources */ = {isa = PBXBuildFile; fileRef = E45907E121D5536400B139CF /* AutoLayoutExtension.swift */; };
		E48F42B121C53A0A001AF4CD /* MiaoMiao.swift in Sources */ = {isa = PBXBuildFile; fileRef = E48F42B021C53A0A001AF4CD /* MiaoMiao.swift */; };
		E48F42BD21C6D96E001AF4CD /* SensorState.swift in Sources */ = {isa = PBXBuildFile; fileRef = E48F42BC21C6D96E001AF4CD /* SensorState.swift */; };
		E48F42BF21C6D9C1001AF4CD /* SensorData.swift in Sources */ = {isa = PBXBuildFile; fileRef = E48F42BE21C6D9C1001AF4CD /* SensorData.swift */; };
		E48F42C121C6DA03001AF4CD /* Measurement.swift in Sources */ = {isa = PBXBuildFile; fileRef = E48F42C021C6DA03001AF4CD /* Measurement.swift */; };
		E48F42C421C6DA5E001AF4CD /* CRC.swift in Sources */ = {isa = PBXBuildFile; fileRef = E48F42C221C6DA5E001AF4CD /* CRC.swift */; };
		E48F42C521C6DA5E001AF4CD /* LibreSensor.swift in Sources */ = {isa = PBXBuildFile; fileRef = E48F42C321C6DA5E001AF4CD /* LibreSensor.swift */; };
		E4B5022D21D6160C00E18DDD /* Calculation.swift in Sources */ = {isa = PBXBuildFile; fileRef = E4B5022C21D6160C00E18DDD /* Calculation.swift */; };
		E4B5023021D6167200E18DDD /* KVO.swift in Sources */ = {isa = PBXBuildFile; fileRef = E4B5022F21D6167200E18DDD /* KVO.swift */; };
		E4B5023221D61A1900E18DDD /* DrawingView.swift in Sources */ = {isa = PBXBuildFile; fileRef = E4B5023121D61A1900E18DDD /* DrawingView.swift */; };
		E4B5023421D61E9800E18DDD /* AttributedStringConstruction.swift in Sources */ = {isa = PBXBuildFile; fileRef = E4B5023321D61E9800E18DDD /* AttributedStringConstruction.swift */; };
		E4D7C42821D5230C007BF0D8 /* UIBezierPath+CurveThroughPoints.swift in Sources */ = {isa = PBXBuildFile; fileRef = E4D7C42621D5230C007BF0D8 /* UIBezierPath+CurveThroughPoints.swift */; };
		E4DBF59221C3FC53006AF3CF /* Central.swift in Sources */ = {isa = PBXBuildFile; fileRef = E4DBF59121C3FC52006AF3CF /* Central.swift */; };
		E4DBF59421C408A4006AF3CF /* log.swift in Sources */ = {isa = PBXBuildFile; fileRef = E4DBF59321C408A4006AF3CF /* log.swift */; };
		E4E35A6421C3F8D300336CE8 /* AppDelegate.swift in Sources */ = {isa = PBXBuildFile; fileRef = E4E35A6321C3F8D300336CE8 /* AppDelegate.swift */; };
		E4E35A6621C3F8D300336CE8 /* ViewController.swift in Sources */ = {isa = PBXBuildFile; fileRef = E4E35A6521C3F8D300336CE8 /* ViewController.swift */; };
		E4E35A6921C3F8D300336CE8 /* Main.storyboard in Resources */ = {isa = PBXBuildFile; fileRef = E4E35A6721C3F8D300336CE8 /* Main.storyboard */; };
		E4E35A6B21C3F8DA00336CE8 /* Assets.xcassets in Resources */ = {isa = PBXBuildFile; fileRef = E4E35A6A21C3F8DA00336CE8 /* Assets.xcassets */; };
		E4E35A6E21C3F8DA00336CE8 /* LaunchScreen.storyboard in Resources */ = {isa = PBXBuildFile; fileRef = E4E35A6C21C3F8DA00336CE8 /* LaunchScreen.storyboard */; };
/* End PBXBuildFile section */

/* Begin PBXContainerItemProxy section */
		E425664421CE65A400469232 /* PBXContainerItemProxy */ = {
			isa = PBXContainerItemProxy;
			containerPortal = E425663F21CE65A400469232 /* Sqlable.xcodeproj */;
			proxyType = 2;
			remoteGlobalIDString = FF94F2D41BDE2633009AD0C9;
			remoteInfo = Sqlable;
		};
		E425664621CE65A400469232 /* PBXContainerItemProxy */ = {
			isa = PBXContainerItemProxy;
			containerPortal = E425663F21CE65A400469232 /* Sqlable.xcodeproj */;
			proxyType = 2;
			remoteGlobalIDString = FF94F2DE1BDE2634009AD0C9;
			remoteInfo = SqlableTests;
		};
		E425664A21CE65CA00469232 /* PBXContainerItemProxy */ = {
			isa = PBXContainerItemProxy;
			containerPortal = E425663F21CE65A400469232 /* Sqlable.xcodeproj */;
			proxyType = 1;
			remoteGlobalIDString = FF94F2D31BDE2633009AD0C9;
			remoteInfo = Sqlable;
		};
/* End PBXContainerItemProxy section */

/* Begin PBXCopyFilesBuildPhase section */
		E425664C21CE65CB00469232 /* Embed Frameworks */ = {
			isa = PBXCopyFilesBuildPhase;
			buildActionMask = 2147483647;
			dstPath = "";
			dstSubfolderSpec = 10;
			files = (
				E425664921CE65CA00469232 /* Sqlable.framework in Embed Frameworks */,
			);
			name = "Embed Frameworks";
			runOnlyForDeploymentPostprocessing = 0;
		};
/* End PBXCopyFilesBuildPhase section */

/* Begin PBXFileReference section */
		E40021B821D7BA6C001AB34D /* Repeater.swift */ = {isa = PBXFileReference; fileEncoding = 4; lastKnownFileType = sourcecode.swift; path = Repeater.swift; sourceTree = "<group>"; };
		E40021BD21D89DAA001AB34D /* PieChart.swift */ = {isa = PBXFileReference; lastKnownFileType = sourcecode.swift; path = PieChart.swift; sourceTree = "<group>"; };
		E425663821CD671700469232 /* Extensions.swift */ = {isa = PBXFileReference; lastKnownFileType = sourcecode.swift; path = Extensions.swift; sourceTree = "<group>"; };
		E425663A21CD6F8A00469232 /* TemperatureAlgorithmParameters.swift */ = {isa = PBXFileReference; fileEncoding = 4; lastKnownFileType = sourcecode.swift; path = TemperatureAlgorithmParameters.swift; sourceTree = "<group>"; };
		E425663C21CD702900469232 /* SensorSerialNumber.swift */ = {isa = PBXFileReference; fileEncoding = 4; lastKnownFileType = sourcecode.swift; path = SensorSerialNumber.swift; sourceTree = "<group>"; };
		E425663F21CE65A400469232 /* Sqlable.xcodeproj */ = {isa = PBXFileReference; lastKnownFileType = "wrapper.pb-project"; name = Sqlable.xcodeproj; path = Sqlable/Sqlable.xcodeproj; sourceTree = "<group>"; };
		E425664D21CE66A200469232 /* GlucosePoint.swift */ = {isa = PBXFileReference; lastKnownFileType = sourcecode.swift; path = GlucosePoint.swift; sourceTree = "<group>"; };
		E425664F21CE6F9A00469232 /* DefaultKey.swift */ = {isa = PBXFileReference; fileEncoding = 4; lastKnownFileType = sourcecode.swift; path = DefaultKey.swift; sourceTree = "<group>"; };
		E45907DE21D550FA00B139CF /* GlucoseGraph.swift */ = {isa = PBXFileReference; fileEncoding = 4; lastKnownFileType = sourcecode.swift; path = GlucoseGraph.swift; sourceTree = "<group>"; };
		E45907E121D5536400B139CF /* AutoLayoutExtension.swift */ = {isa = PBXFileReference; fileEncoding = 4; lastKnownFileType = sourcecode.swift; path = AutoLayoutExtension.swift; sourceTree = "<group>"; };
		E48F42B021C53A0A001AF4CD /* MiaoMiao.swift */ = {isa = PBXFileReference; lastKnownFileType = sourcecode.swift; path = MiaoMiao.swift; sourceTree = "<group>"; };
		E48F42BC21C6D96E001AF4CD /* SensorState.swift */ = {isa = PBXFileReference; fileEncoding = 4; lastKnownFileType = sourcecode.swift; path = SensorState.swift; sourceTree = "<group>"; };
		E48F42BE21C6D9C1001AF4CD /* SensorData.swift */ = {isa = PBXFileReference; fileEncoding = 4; lastKnownFileType = sourcecode.swift; path = SensorData.swift; sourceTree = "<group>"; };
		E48F42C021C6DA03001AF4CD /* Measurement.swift */ = {isa = PBXFileReference; fileEncoding = 4; lastKnownFileType = sourcecode.swift; path = Measurement.swift; sourceTree = "<group>"; };
		E48F42C221C6DA5E001AF4CD /* CRC.swift */ = {isa = PBXFileReference; fileEncoding = 4; lastKnownFileType = sourcecode.swift; path = CRC.swift; sourceTree = "<group>"; };
		E48F42C321C6DA5E001AF4CD /* LibreSensor.swift */ = {isa = PBXFileReference; fileEncoding = 4; lastKnownFileType = sourcecode.swift; path = LibreSensor.swift; sourceTree = "<group>"; };
		E4B5022C21D6160C00E18DDD /* Calculation.swift */ = {isa = PBXFileReference; lastKnownFileType = sourcecode.swift; path = Calculation.swift; sourceTree = "<group>"; };
		E4B5022F21D6167200E18DDD /* KVO.swift */ = {isa = PBXFileReference; fileEncoding = 4; lastKnownFileType = sourcecode.swift; path = KVO.swift; sourceTree = "<group>"; };
		E4B5023121D61A1900E18DDD /* DrawingView.swift */ = {isa = PBXFileReference; lastKnownFileType = sourcecode.swift; path = DrawingView.swift; sourceTree = "<group>"; };
		E4B5023321D61E9800E18DDD /* AttributedStringConstruction.swift */ = {isa = PBXFileReference; fileEncoding = 4; lastKnownFileType = sourcecode.swift; path = AttributedStringConstruction.swift; sourceTree = "<group>"; };
		E4D7C42621D5230C007BF0D8 /* UIBezierPath+CurveThroughPoints.swift */ = {isa = PBXFileReference; lastKnownFileType = sourcecode.swift; name = "UIBezierPath+CurveThroughPoints.swift"; path = "/Users/guy/Git/WoofWoof/WoofWoof/UIBezierPath+CurveThroughPoints.swift"; sourceTree = "<absolute>"; };
		E4DBF59121C3FC52006AF3CF /* Central.swift */ = {isa = PBXFileReference; fileEncoding = 4; lastKnownFileType = sourcecode.swift; path = Central.swift; sourceTree = "<group>"; };
		E4DBF59321C408A4006AF3CF /* log.swift */ = {isa = PBXFileReference; lastKnownFileType = sourcecode.swift; path = log.swift; sourceTree = "<group>"; };
		E4E35A6021C3F8D300336CE8 /* WoofWoof.app */ = {isa = PBXFileReference; explicitFileType = wrapper.application; includeInIndex = 0; path = WoofWoof.app; sourceTree = BUILT_PRODUCTS_DIR; };
		E4E35A6321C3F8D300336CE8 /* AppDelegate.swift */ = {isa = PBXFileReference; lastKnownFileType = sourcecode.swift; path = AppDelegate.swift; sourceTree = "<group>"; };
		E4E35A6521C3F8D300336CE8 /* ViewController.swift */ = {isa = PBXFileReference; lastKnownFileType = sourcecode.swift; path = ViewController.swift; sourceTree = "<group>"; };
		E4E35A6821C3F8D300336CE8 /* Base */ = {isa = PBXFileReference; lastKnownFileType = file.storyboard; name = Base; path = Base.lproj/Main.storyboard; sourceTree = "<group>"; };
		E4E35A6A21C3F8DA00336CE8 /* Assets.xcassets */ = {isa = PBXFileReference; lastKnownFileType = folder.assetcatalog; path = Assets.xcassets; sourceTree = "<group>"; };
		E4E35A6D21C3F8DA00336CE8 /* Base */ = {isa = PBXFileReference; lastKnownFileType = file.storyboard; name = Base; path = Base.lproj/LaunchScreen.storyboard; sourceTree = "<group>"; };
		E4E35A6F21C3F8DA00336CE8 /* Info.plist */ = {isa = PBXFileReference; lastKnownFileType = text.plist.xml; path = Info.plist; sourceTree = "<group>"; };
/* End PBXFileReference section */

/* Begin PBXFrameworksBuildPhase section */
		E4E35A5D21C3F8D300336CE8 /* Frameworks */ = {
			isa = PBXFrameworksBuildPhase;
			buildActionMask = 2147483647;
			files = (
				E425664821CE65CA00469232 /* Sqlable.framework in Frameworks */,
			);
			runOnlyForDeploymentPostprocessing = 0;
		};
/* End PBXFrameworksBuildPhase section */

/* Begin PBXGroup section */
		E425663E21CE61D600469232 /* Dependencies */ = {
			isa = PBXGroup;
			children = (
				E425663F21CE65A400469232 /* Sqlable.xcodeproj */,
			);
			path = Dependencies;
			sourceTree = "<group>";
		};
		E425664021CE65A400469232 /* Products */ = {
			isa = PBXGroup;
			children = (
				E425664521CE65A400469232 /* Sqlable.framework */,
				E425664721CE65A400469232 /* SqlableTests.xctest */,
			);
			name = Products;
			sourceTree = "<group>";
		};
		E4E35A5721C3F8D300336CE8 = {
			isa = PBXGroup;
			children = (
				E425663E21CE61D600469232 /* Dependencies */,
				E4E35A6221C3F8D300336CE8 /* WoofWoof */,
				E4E35A6121C3F8D300336CE8 /* Products */,
			);
			sourceTree = "<group>";
		};
		E4E35A6121C3F8D300336CE8 /* Products */ = {
			isa = PBXGroup;
			children = (
				E4E35A6021C3F8D300336CE8 /* WoofWoof.app */,
			);
			name = Products;
			sourceTree = "<group>";
		};
		E4E35A6221C3F8D300336CE8 /* WoofWoof */ = {
			isa = PBXGroup;
			children = (
				E40021B821D7BA6C001AB34D /* Repeater.swift */,
				E4B5023321D61E9800E18DDD /* AttributedStringConstruction.swift */,
				E45907E121D5536400B139CF /* AutoLayoutExtension.swift */,
				E45907DE21D550FA00B139CF /* GlucoseGraph.swift */,
				E4D7C42621D5230C007BF0D8 /* UIBezierPath+CurveThroughPoints.swift */,
				E425664F21CE6F9A00469232 /* DefaultKey.swift */,
				E425663A21CD6F8A00469232 /* TemperatureAlgorithmParameters.swift */,
				E425663C21CD702900469232 /* SensorSerialNumber.swift */,
				E48F42C221C6DA5E001AF4CD /* CRC.swift */,
				E48F42C321C6DA5E001AF4CD /* LibreSensor.swift */,
				E48F42C021C6DA03001AF4CD /* Measurement.swift */,
				E48F42BE21C6D9C1001AF4CD /* SensorData.swift */,
				E48F42BC21C6D96E001AF4CD /* SensorState.swift */,
				E4DBF59121C3FC52006AF3CF /* Central.swift */,
				E4DBF59321C408A4006AF3CF /* log.swift */,
				E4B5022F21D6167200E18DDD /* KVO.swift */,
				E4E35A6321C3F8D300336CE8 /* AppDelegate.swift */,
				E4E35A6521C3F8D300336CE8 /* ViewController.swift */,
				E4E35A6721C3F8D300336CE8 /* Main.storyboard */,
				E4E35A6A21C3F8DA00336CE8 /* Assets.xcassets */,
				E4E35A6C21C3F8DA00336CE8 /* LaunchScreen.storyboard */,
				E4E35A6F21C3F8DA00336CE8 /* Info.plist */,
				E48F42B021C53A0A001AF4CD /* MiaoMiao.swift */,
				E425663821CD671700469232 /* Extensions.swift */,
				E4B5023121D61A1900E18DDD /* DrawingView.swift */,
				E4B5022C21D6160C00E18DDD /* Calculation.swift */,
				E425664D21CE66A200469232 /* GlucosePoint.swift */,
				E40021BD21D89DAA001AB34D /* PieChart.swift */,
			);
			path = WoofWoof;
			sourceTree = "<group>";
		};
/* End PBXGroup section */

/* Begin PBXNativeTarget section */
		E4E35A5F21C3F8D300336CE8 /* WoofWoof */ = {
			isa = PBXNativeTarget;
			buildConfigurationList = E4E35A7221C3F8DA00336CE8 /* Build configuration list for PBXNativeTarget "WoofWoof" */;
			buildPhases = (
				E4E35A5C21C3F8D300336CE8 /* Sources */,
				E4E35A5D21C3F8D300336CE8 /* Frameworks */,
				E4E35A5E21C3F8D300336CE8 /* Resources */,
				E425664C21CE65CB00469232 /* Embed Frameworks */,
			);
			buildRules = (
			);
			dependencies = (
				E425664B21CE65CA00469232 /* PBXTargetDependency */,
			);
			name = WoofWoof;
			productName = WoofWoof;
			productReference = E4E35A6021C3F8D300336CE8 /* WoofWoof.app */;
			productType = "com.apple.product-type.application";
		};
/* End PBXNativeTarget section */

/* Begin PBXProject section */
		E4E35A5821C3F8D300336CE8 /* Project object */ = {
			isa = PBXProject;
			attributes = {
				LastSwiftUpdateCheck = 1010;
				LastUpgradeCheck = 1010;
				ORGANIZATIONNAME = TivStudio;
				TargetAttributes = {
					E4E35A5F21C3F8D300336CE8 = {
						CreatedOnToolsVersion = 10.1;
						SystemCapabilities = {
							com.apple.BackgroundModes = {
								enabled = 1;
							};
						};
					};
				};
			};
			buildConfigurationList = E4E35A5B21C3F8D300336CE8 /* Build configuration list for PBXProject "WoofWoof" */;
			compatibilityVersion = "Xcode 9.3";
			developmentRegion = en;
			hasScannedForEncodings = 0;
			knownRegions = (
				en,
				Base,
			);
			mainGroup = E4E35A5721C3F8D300336CE8;
			productRefGroup = E4E35A6121C3F8D300336CE8 /* Products */;
			projectDirPath = "";
			projectReferences = (
				{
					ProductGroup = E425664021CE65A400469232 /* Products */;
					ProjectRef = E425663F21CE65A400469232 /* Sqlable.xcodeproj */;
				},
			);
			projectRoot = "";
			targets = (
				E4E35A5F21C3F8D300336CE8 /* WoofWoof */,
			);
		};
/* End PBXProject section */

/* Begin PBXReferenceProxy section */
		E425664521CE65A400469232 /* Sqlable.framework */ = {
			isa = PBXReferenceProxy;
			fileType = wrapper.framework;
			path = Sqlable.framework;
			remoteRef = E425664421CE65A400469232 /* PBXContainerItemProxy */;
			sourceTree = BUILT_PRODUCTS_DIR;
		};
		E425664721CE65A400469232 /* SqlableTests.xctest */ = {
			isa = PBXReferenceProxy;
			fileType = wrapper.cfbundle;
			path = SqlableTests.xctest;
			remoteRef = E425664621CE65A400469232 /* PBXContainerItemProxy */;
			sourceTree = BUILT_PRODUCTS_DIR;
		};
/* End PBXReferenceProxy section */

/* Begin PBXResourcesBuildPhase section */
		E4E35A5E21C3F8D300336CE8 /* Resources */ = {
			isa = PBXResourcesBuildPhase;
			buildActionMask = 2147483647;
			files = (
				E4E35A6E21C3F8DA00336CE8 /* LaunchScreen.storyboard in Resources */,
				E4E35A6B21C3F8DA00336CE8 /* Assets.xcassets in Resources */,
				E4E35A6921C3F8D300336CE8 /* Main.storyboard in Resources */,
			);
			runOnlyForDeploymentPostprocessing = 0;
		};
/* End PBXResourcesBuildPhase section */

/* Begin PBXSourcesBuildPhase section */
		E4E35A5C21C3F8D300336CE8 /* Sources */ = {
			isa = PBXSourcesBuildPhase;
			buildActionMask = 2147483647;
			files = (
				E4B5023221D61A1900E18DDD /* DrawingView.swift in Sources */,
				E4E35A6621C3F8D300336CE8 /* ViewController.swift in Sources */,
				E48F42C421C6DA5E001AF4CD /* CRC.swift in Sources */,
				E45907E221D5536400B139CF /* AutoLayoutExtension.swift in Sources */,
				E4E35A6421C3F8D300336CE8 /* AppDelegate.swift in Sources */,
				E425663D21CD702900469232 /* SensorSerialNumber.swift in Sources */,
				E4DBF59421C408A4006AF3CF /* log.swift in Sources */,
				E4DBF59221C3FC53006AF3CF /* Central.swift in Sources */,
				E48F42C121C6DA03001AF4CD /* Measurement.swift in Sources */,
				E40021BE21D89DAA001AB34D /* PieChart.swift in Sources */,
				E48F42BD21C6D96E001AF4CD /* SensorState.swift in Sources */,
				E48F42C521C6DA5E001AF4CD /* LibreSensor.swift in Sources */,
				E45907E021D550FA00B139CF /* GlucoseGraph.swift in Sources */,
				E425663B21CD6F8B00469232 /* TemperatureAlgorithmParameters.swift in Sources */,
				E48F42B121C53A0A001AF4CD /* MiaoMiao.swift in Sources */,
				E425664E21CE66A200469232 /* GlucosePoint.swift in Sources */,
				E425663921CD671700469232 /* Extensions.swift in Sources */,
				E4D7C42821D5230C007BF0D8 /* UIBezierPath+CurveThroughPoints.swift in Sources */,
				E4B5023021D6167200E18DDD /* KVO.swift in Sources */,
				E48F42BF21C6D9C1001AF4CD /* SensorData.swift in Sources */,
				E4B5023421D61E9800E18DDD /* AttributedStringConstruction.swift in Sources */,
				E4B5022D21D6160C00E18DDD /* Calculation.swift in Sources */,
				E40021BA21D7BA6C001AB34D /* Repeater.swift in Sources */,
				E425665021CE6F9A00469232 /* DefaultKey.swift in Sources */,
			);
			runOnlyForDeploymentPostprocessing = 0;
		};
/* End PBXSourcesBuildPhase section */

/* Begin PBXTargetDependency section */
		E425664B21CE65CA00469232 /* PBXTargetDependency */ = {
			isa = PBXTargetDependency;
			name = Sqlable;
			targetProxy = E425664A21CE65CA00469232 /* PBXContainerItemProxy */;
		};
/* End PBXTargetDependency section */

/* Begin PBXVariantGroup section */
		E4E35A6721C3F8D300336CE8 /* Main.storyboard */ = {
			isa = PBXVariantGroup;
			children = (
				E4E35A6821C3F8D300336CE8 /* Base */,
			);
			name = Main.storyboard;
			sourceTree = "<group>";
		};
		E4E35A6C21C3F8DA00336CE8 /* LaunchScreen.storyboard */ = {
			isa = PBXVariantGroup;
			children = (
				E4E35A6D21C3F8DA00336CE8 /* Base */,
			);
			name = LaunchScreen.storyboard;
			sourceTree = "<group>";
		};
/* End PBXVariantGroup section */

/* Begin XCBuildConfiguration section */
		E4E35A7021C3F8DA00336CE8 /* Debug */ = {
			isa = XCBuildConfiguration;
			buildSettings = {
				ALWAYS_SEARCH_USER_PATHS = NO;
				CLANG_ANALYZER_NONNULL = YES;
				CLANG_ANALYZER_NUMBER_OBJECT_CONVERSION = YES_AGGRESSIVE;
				CLANG_CXX_LANGUAGE_STANDARD = "gnu++14";
				CLANG_CXX_LIBRARY = "libc++";
				CLANG_ENABLE_MODULES = YES;
				CLANG_ENABLE_OBJC_ARC = YES;
				CLANG_ENABLE_OBJC_WEAK = YES;
				CLANG_WARN_BLOCK_CAPTURE_AUTORELEASING = YES;
				CLANG_WARN_BOOL_CONVERSION = YES;
				CLANG_WARN_COMMA = YES;
				CLANG_WARN_CONSTANT_CONVERSION = YES;
				CLANG_WARN_DEPRECATED_OBJC_IMPLEMENTATIONS = YES;
				CLANG_WARN_DIRECT_OBJC_ISA_USAGE = YES_ERROR;
				CLANG_WARN_DOCUMENTATION_COMMENTS = YES;
				CLANG_WARN_EMPTY_BODY = YES;
				CLANG_WARN_ENUM_CONVERSION = YES;
				CLANG_WARN_INFINITE_RECURSION = YES;
				CLANG_WARN_INT_CONVERSION = YES;
				CLANG_WARN_NON_LITERAL_NULL_CONVERSION = YES;
				CLANG_WARN_OBJC_IMPLICIT_RETAIN_SELF = YES;
				CLANG_WARN_OBJC_LITERAL_CONVERSION = YES;
				CLANG_WARN_OBJC_ROOT_CLASS = YES_ERROR;
				CLANG_WARN_RANGE_LOOP_ANALYSIS = YES;
				CLANG_WARN_STRICT_PROTOTYPES = YES;
				CLANG_WARN_SUSPICIOUS_MOVE = YES;
				CLANG_WARN_UNGUARDED_AVAILABILITY = YES_AGGRESSIVE;
				CLANG_WARN_UNREACHABLE_CODE = YES;
				CLANG_WARN__DUPLICATE_METHOD_MATCH = YES;
				CODE_SIGN_IDENTITY = "iPhone Developer";
				COPY_PHASE_STRIP = NO;
				DEBUG_INFORMATION_FORMAT = dwarf;
				ENABLE_STRICT_OBJC_MSGSEND = YES;
				ENABLE_TESTABILITY = YES;
				GCC_C_LANGUAGE_STANDARD = gnu11;
				GCC_DYNAMIC_NO_PIC = NO;
				GCC_NO_COMMON_BLOCKS = YES;
				GCC_OPTIMIZATION_LEVEL = 0;
				GCC_PREPROCESSOR_DEFINITIONS = (
					"DEBUG=1",
					"$(inherited)",
				);
				GCC_WARN_64_TO_32_BIT_CONVERSION = YES;
				GCC_WARN_ABOUT_RETURN_TYPE = YES_ERROR;
				GCC_WARN_UNDECLARED_SELECTOR = YES;
				GCC_WARN_UNINITIALIZED_AUTOS = YES_AGGRESSIVE;
				GCC_WARN_UNUSED_FUNCTION = YES;
				GCC_WARN_UNUSED_VARIABLE = YES;
				IPHONEOS_DEPLOYMENT_TARGET = 12.0;
				MTL_ENABLE_DEBUG_INFO = INCLUDE_SOURCE;
				MTL_FAST_MATH = YES;
				ONLY_ACTIVE_ARCH = YES;
				SDKROOT = iphoneos;
				SWIFT_ACTIVE_COMPILATION_CONDITIONS = DEBUG;
				SWIFT_OPTIMIZATION_LEVEL = "-Onone";
			};
			name = Debug;
		};
		E4E35A7121C3F8DA00336CE8 /* Release */ = {
			isa = XCBuildConfiguration;
			buildSettings = {
				ALWAYS_SEARCH_USER_PATHS = NO;
				CLANG_ANALYZER_NONNULL = YES;
				CLANG_ANALYZER_NUMBER_OBJECT_CONVERSION = YES_AGGRESSIVE;
				CLANG_CXX_LANGUAGE_STANDARD = "gnu++14";
				CLANG_CXX_LIBRARY = "libc++";
				CLANG_ENABLE_MODULES = YES;
				CLANG_ENABLE_OBJC_ARC = YES;
				CLANG_ENABLE_OBJC_WEAK = YES;
				CLANG_WARN_BLOCK_CAPTURE_AUTORELEASING = YES;
				CLANG_WARN_BOOL_CONVERSION = YES;
				CLANG_WARN_COMMA = YES;
				CLANG_WARN_CONSTANT_CONVERSION = YES;
				CLANG_WARN_DEPRECATED_OBJC_IMPLEMENTATIONS = YES;
				CLANG_WARN_DIRECT_OBJC_ISA_USAGE = YES_ERROR;
				CLANG_WARN_DOCUMENTATION_COMMENTS = YES;
				CLANG_WARN_EMPTY_BODY = YES;
				CLANG_WARN_ENUM_CONVERSION = YES;
				CLANG_WARN_INFINITE_RECURSION = YES;
				CLANG_WARN_INT_CONVERSION = YES;
				CLANG_WARN_NON_LITERAL_NULL_CONVERSION = YES;
				CLANG_WARN_OBJC_IMPLICIT_RETAIN_SELF = YES;
				CLANG_WARN_OBJC_LITERAL_CONVERSION = YES;
				CLANG_WARN_OBJC_ROOT_CLASS = YES_ERROR;
				CLANG_WARN_RANGE_LOOP_ANALYSIS = YES;
				CLANG_WARN_STRICT_PROTOTYPES = YES;
				CLANG_WARN_SUSPICIOUS_MOVE = YES;
				CLANG_WARN_UNGUARDED_AVAILABILITY = YES_AGGRESSIVE;
				CLANG_WARN_UNREACHABLE_CODE = YES;
				CLANG_WARN__DUPLICATE_METHOD_MATCH = YES;
				CODE_SIGN_IDENTITY = "iPhone Developer";
				COPY_PHASE_STRIP = NO;
				DEBUG_INFORMATION_FORMAT = "dwarf-with-dsym";
				ENABLE_NS_ASSERTIONS = NO;
				ENABLE_STRICT_OBJC_MSGSEND = YES;
				GCC_C_LANGUAGE_STANDARD = gnu11;
				GCC_NO_COMMON_BLOCKS = YES;
				GCC_WARN_64_TO_32_BIT_CONVERSION = YES;
				GCC_WARN_ABOUT_RETURN_TYPE = YES_ERROR;
				GCC_WARN_UNDECLARED_SELECTOR = YES;
				GCC_WARN_UNINITIALIZED_AUTOS = YES_AGGRESSIVE;
				GCC_WARN_UNUSED_FUNCTION = YES;
				GCC_WARN_UNUSED_VARIABLE = YES;
				IPHONEOS_DEPLOYMENT_TARGET = 12.0;
				MTL_ENABLE_DEBUG_INFO = NO;
				MTL_FAST_MATH = YES;
				SDKROOT = iphoneos;
				SWIFT_COMPILATION_MODE = wholemodule;
				SWIFT_OPTIMIZATION_LEVEL = "-O";
				VALIDATE_PRODUCT = YES;
			};
			name = Release;
		};
		E4E35A7321C3F8DA00336CE8 /* Debug */ = {
			isa = XCBuildConfiguration;
			buildSettings = {
				ALWAYS_EMBED_SWIFT_STANDARD_LIBRARIES = YES;
				ASSETCATALOG_COMPILER_APPICON_NAME = AppIcon;
				CODE_SIGN_STYLE = Automatic;
				DEVELOPMENT_TEAM = GK93HYWFG3;
				INFOPLIST_FILE = WoofWoof/Info.plist;
				LD_RUNPATH_SEARCH_PATHS = (
					"$(inherited)",
					"@executable_path/Frameworks",
				);
				PRODUCT_BUNDLE_IDENTIFIER = com.tivstudio.WoofWoof;
				PRODUCT_NAME = "$(TARGET_NAME)";
				SWIFT_VERSION = 4.2;
				TARGETED_DEVICE_FAMILY = "1,2";
			};
			name = Debug;
		};
		E4E35A7421C3F8DA00336CE8 /* Release */ = {
			isa = XCBuildConfiguration;
			buildSettings = {
				ALWAYS_EMBED_SWIFT_STANDARD_LIBRARIES = YES;
				ASSETCATALOG_COMPILER_APPICON_NAME = AppIcon;
				CODE_SIGN_STYLE = Automatic;
				DEVELOPMENT_TEAM = GK93HYWFG3;
				INFOPLIST_FILE = WoofWoof/Info.plist;
				LD_RUNPATH_SEARCH_PATHS = (
					"$(inherited)",
					"@executable_path/Frameworks",
				);
				PRODUCT_BUNDLE_IDENTIFIER = com.tivstudio.WoofWoof;
				PRODUCT_NAME = "$(TARGET_NAME)";
				SWIFT_VERSION = 4.2;
				TARGETED_DEVICE_FAMILY = "1,2";
			};
			name = Release;
		};
/* End XCBuildConfiguration section */

/* Begin XCConfigurationList section */
		E4E35A5B21C3F8D300336CE8 /* Build configuration list for PBXProject "WoofWoof" */ = {
			isa = XCConfigurationList;
			buildConfigurations = (
				E4E35A7021C3F8DA00336CE8 /* Debug */,
				E4E35A7121C3F8DA00336CE8 /* Release */,
			);
			defaultConfigurationIsVisible = 0;
			defaultConfigurationName = Release;
		};
		E4E35A7221C3F8DA00336CE8 /* Build configuration list for PBXNativeTarget "WoofWoof" */ = {
			isa = XCConfigurationList;
			buildConfigurations = (
				E4E35A7321C3F8DA00336CE8 /* Debug */,
				E4E35A7421C3F8DA00336CE8 /* Release */,
			);
			defaultConfigurationIsVisible = 0;
			defaultConfigurationName = Release;
		};
/* End XCConfigurationList section */
	};
	rootObject = E4E35A5821C3F8D300336CE8 /* Project object */;
}
