{
  "object": {
    "pins": [
      {
        "package": "CocoaPublisher",
        "repositoryURL": "https://github.com/gshaviv/CocoaPublisher",
        "state": {
          "branch": "master",
          "revision": "f1250c6d79867514c45a8de9e609c43b30aca6f3",
          "version": null
        }
      },
      {
        "package": "EFColorPicker",
        "repositoryURL": "https://github.com/EFPrefix/EFColorPicker.git",
        "state": {
          "branch": null,
          "revision": "bb5435e626455c6e268f9da5ad7d543f0c605d7d",
          "version": "5.2.1"
        }
      },
      {
        "package": "GRDB",
        "repositoryURL": "https://github.com/groue/GRDB.swift",
        "state": {
          "branch": null,
          "revision": "32b2923e890df320906e64cbd0faca22a8bfda14",
          "version": "5.12.0"
        }
      },
      {
        "package": "Zip",
        "repositoryURL": "https://github.com/marmelroy/Zip",
        "state": {
          "branch": null,
          "revision": "bd19d974e8a38cc8d3a88c90c8a107386c3b8ccf",
          "version": "2.1.1"
        }
      }
    ]
  },
  "version": 1
}
